
Microsoft Visual Studio Solution File, Format Version 12.00
Project("{FAE04EC0-301F-11D3-BF4B-00C04F79EFBC}") = "OdysseyWebServer", "OdysseyWebServer\OdysseyWebServer.csproj", "{0CFF2B1C-1021-44F0-B215-AD23BF256913}"
EndProject
Project("{2150E333-8FDC-42A3-9474-1A3956D46DE8}") = "Solution Items", "Solution Items", "{473044A1-CFE1-48A2-9373-0F4B9B9B1549}"
	ProjectSection(SolutionItems) = preProject
		docker-compose.yml = docker-compose.yml
		.gitignore = .gitignore
		.github\workflows\docker-image.yml = .github\workflows\docker-image.yml
	EndProjectSection
EndProject
Global
	GlobalSection(SolutionConfigurationPlatforms) = preSolution
		Debug|Any CPU = Debug|Any CPU
		Release|Any CPU = Release|Any CPU
	EndGlobalSection
	GlobalSection(ProjectConfigurationPlatforms) = postSolution
		{0CFF2B1C-1021-44F0-B215-AD23BF256913}.Debug|Any CPU.ActiveCfg = Debug|Any CPU
		{0CFF2B1C-1021-44F0-B215-AD23BF256913}.Debug|Any CPU.Build.0 = Debug|Any CPU
		{0CFF2B1C-1021-44F0-B215-AD23BF256913}.Release|Any CPU.ActiveCfg = Release|Any CPU
		{0CFF2B1C-1021-44F0-B215-AD23BF256913}.Release|Any CPU.Build.0 = Release|Any CPU
	EndGlobalSection
EndGlobal
